// !$*UTF8*$!
{
	archiveVersion = 1;
	classes = {
	};
	objectVersion = 50;
	objects = {

/* Begin PBXBuildFile section */
		49630BA124B20A3300FAC8B4 /* AppDelegate.swift in Sources */ = {isa = PBXBuildFile; fileRef = 49630BA024B20A3300FAC8B4 /* AppDelegate.swift */; };
		49630BA524B20A3500FAC8B4 /* Assets.xcassets in Resources */ = {isa = PBXBuildFile; fileRef = 49630BA424B20A3500FAC8B4 /* Assets.xcassets */; };
		49630BA824B20A3500FAC8B4 /* Preview Assets.xcassets in Resources */ = {isa = PBXBuildFile; fileRef = 49630BA724B20A3500FAC8B4 /* Preview Assets.xcassets */; };
		49630BAB24B20A3500FAC8B4 /* Main.storyboard in Resources */ = {isa = PBXBuildFile; fileRef = 49630BA924B20A3500FAC8B4 /* Main.storyboard */; };
		49630BB924B212A700FAC8B4 /* TimeCode.swift in Sources */ = {isa = PBXBuildFile; fileRef = 49630BB824B212A700FAC8B4 /* TimeCode.swift */; };
/* End PBXBuildFile section */

/* Begin PBXFileReference section */
		4908C69A25272A3400D1828E /* zh-Hans */ = {isa = PBXFileReference; lastKnownFileType = text.plist.strings; name = "zh-Hans"; path = "zh-Hans.lproj/Main.strings"; sourceTree = "<group>"; };
		49630B9D24B20A3300FAC8B4 /* Doke Tool Box.app */ = {isa = PBXFileReference; explicitFileType = wrapper.application; includeInIndex = 0; path = "Doke Tool Box.app"; sourceTree = BUILT_PRODUCTS_DIR; };
		49630BA024B20A3300FAC8B4 /* AppDelegate.swift */ = {isa = PBXFileReference; lastKnownFileType = sourcecode.swift; path = AppDelegate.swift; sourceTree = "<group>"; };
		49630BA424B20A3500FAC8B4 /* Assets.xcassets */ = {isa = PBXFileReference; lastKnownFileType = folder.assetcatalog; path = Assets.xcassets; sourceTree = "<group>"; };
		49630BA724B20A3500FAC8B4 /* Preview Assets.xcassets */ = {isa = PBXFileReference; lastKnownFileType = folder.assetcatalog; path = "Preview Assets.xcassets"; sourceTree = "<group>"; };
		49630BAA24B20A3500FAC8B4 /* Base */ = {isa = PBXFileReference; lastKnownFileType = file.storyboard; name = Base; path = Base.lproj/Main.storyboard; sourceTree = "<group>"; };
		49630BAC24B20A3500FAC8B4 /* Info.plist */ = {isa = PBXFileReference; lastKnownFileType = text.plist.xml; path = Info.plist; sourceTree = "<group>"; };
		49630BAD24B20A3500FAC8B4 /* Doke_Tool_Box.entitlements */ = {isa = PBXFileReference; lastKnownFileType = text.plist.entitlements; path = Doke_Tool_Box.entitlements; sourceTree = "<group>"; };
		49630BB824B212A700FAC8B4 /* TimeCode.swift */ = {isa = PBXFileReference; lastKnownFileType = sourcecode.swift; path = TimeCode.swift; sourceTree = "<group>"; };
		4964E95B252867B800FCA5CD /* README.md */ = {isa = PBXFileReference; lastKnownFileType = net.daringfireball.markdown; path = README.md; sourceTree = "<group>"; };
/* End PBXFileReference section */

/* Begin PBXFrameworksBuildPhase section */
		49630B9A24B20A3300FAC8B4 /* Frameworks */ = {
			isa = PBXFrameworksBuildPhase;
			buildActionMask = 2147483647;
			files = (
			);
			runOnlyForDeploymentPostprocessing = 0;
		};
/* End PBXFrameworksBuildPhase section */

/* Begin PBXGroup section */
		49630B9424B20A3300FAC8B4 = {
			isa = PBXGroup;
			children = (
				4964E95B252867B800FCA5CD /* README.md */,
				49630B9F24B20A3300FAC8B4 /* Doke Tool Box */,
				49630B9E24B20A3300FAC8B4 /* Products */,
			);
			sourceTree = "<group>";
		};
		49630B9E24B20A3300FAC8B4 /* Products */ = {
			isa = PBXGroup;
			children = (
				49630B9D24B20A3300FAC8B4 /* Doke Tool Box.app */,
			);
			name = Products;
			sourceTree = "<group>";
		};
		49630B9F24B20A3300FAC8B4 /* Doke Tool Box */ = {
			isa = PBXGroup;
			children = (
				49630BB724B2128800FAC8B4 /* Tools */,
				49630BA024B20A3300FAC8B4 /* AppDelegate.swift */,
				49630BA424B20A3500FAC8B4 /* Assets.xcassets */,
				49630BA924B20A3500FAC8B4 /* Main.storyboard */,
				49630BAC24B20A3500FAC8B4 /* Info.plist */,
				49630BAD24B20A3500FAC8B4 /* Doke_Tool_Box.entitlements */,
				49630BA624B20A3500FAC8B4 /* Preview Content */,
			);
			path = "Doke Tool Box";
			sourceTree = "<group>";
		};
		49630BA624B20A3500FAC8B4 /* Preview Content */ = {
			isa = PBXGroup;
			children = (
				49630BA724B20A3500FAC8B4 /* Preview Assets.xcassets */,
			);
			path = "Preview Content";
			sourceTree = "<group>";
		};
		49630BB724B2128800FAC8B4 /* Tools */ = {
			isa = PBXGroup;
			children = (
				49630BB824B212A700FAC8B4 /* TimeCode.swift */,
			);
			path = Tools;
			sourceTree = "<group>";
		};
/* End PBXGroup section */

/* Begin PBXNativeTarget section */
		49630B9C24B20A3300FAC8B4 /* Doke Tool Box */ = {
			isa = PBXNativeTarget;
			buildConfigurationList = 49630BB024B20A3500FAC8B4 /* Build configuration list for PBXNativeTarget "Doke Tool Box" */;
			buildPhases = (
				49630B9924B20A3300FAC8B4 /* Sources */,
				49630B9A24B20A3300FAC8B4 /* Frameworks */,
				49630B9B24B20A3300FAC8B4 /* Resources */,
			);
			buildRules = (
			);
			dependencies = (
			);
			name = "Doke Tool Box";
			productName = "Doke Tool Box";
			productReference = 49630B9D24B20A3300FAC8B4 /* Doke Tool Box.app */;
			productType = "com.apple.product-type.application";
		};
/* End PBXNativeTarget section */

/* Begin PBXProject section */
		49630B9524B20A3300FAC8B4 /* Project object */ = {
			isa = PBXProject;
			attributes = {
				LastSwiftUpdateCheck = 1150;
				LastUpgradeCheck = 1150;
				ORGANIZATIONNAME = Pinton;
				TargetAttributes = {
					49630B9C24B20A3300FAC8B4 = {
						CreatedOnToolsVersion = 11.5;
					};
				};
			};
			buildConfigurationList = 49630B9824B20A3300FAC8B4 /* Build configuration list for PBXProject "Doke Tool Box" */;
			compatibilityVersion = "Xcode 9.3";
			developmentRegion = en;
			hasScannedForEncodings = 0;
			knownRegions = (
				en,
				Base,
				"zh-Hans",
			);
			mainGroup = 49630B9424B20A3300FAC8B4;
			productRefGroup = 49630B9E24B20A3300FAC8B4 /* Products */;
			projectDirPath = "";
			projectRoot = "";
			targets = (
				49630B9C24B20A3300FAC8B4 /* Doke Tool Box */,
			);
		};
/* End PBXProject section */

/* Begin PBXResourcesBuildPhase section */
		49630B9B24B20A3300FAC8B4 /* Resources */ = {
			isa = PBXResourcesBuildPhase;
			buildActionMask = 2147483647;
			files = (
				49630BAB24B20A3500FAC8B4 /* Main.storyboard in Resources */,
				49630BA824B20A3500FAC8B4 /* Preview Assets.xcassets in Resources */,
				49630BA524B20A3500FAC8B4 /* Assets.xcassets in Resources */,
			);
			runOnlyForDeploymentPostprocessing = 0;
		};
/* End PBXResourcesBuildPhase section */

/* Begin PBXSourcesBuildPhase section */
		49630B9924B20A3300FAC8B4 /* Sources */ = {
			isa = PBXSourcesBuildPhase;
			buildActionMask = 2147483647;
			files = (
				49630BA124B20A3300FAC8B4 /* AppDelegate.swift in Sources */,
				49630BB924B212A700FAC8B4 /* TimeCode.swift in Sources */,
			);
			runOnlyForDeploymentPostprocessing = 0;
		};
/* End PBXSourcesBuildPhase section */

/* Begin PBXVariantGroup section */
		49630BA924B20A3500FAC8B4 /* Main.storyboard */ = {
			isa = PBXVariantGroup;
			children = (
				49630BAA24B20A3500FAC8B4 /* Base */,
				4908C69A25272A3400D1828E /* zh-Hans */,
			);
			name = Main.storyboard;
			sourceTree = "<group>";
		};
/* End PBXVariantGroup section */

/* Begin XCBuildConfiguration section */
		49630BAE24B20A3500FAC8B4 /* Debug */ = {
			isa = XCBuildConfiguration;
			buildSettings = {
				ALWAYS_SEARCH_USER_PATHS = NO;
				CLANG_ANALYZER_LOCALIZABILITY_NONLOCALIZED = YES;
				CLANG_ANALYZER_NONNULL = YES;
				CLANG_ANALYZER_NUMBER_OBJECT_CONVERSION = YES_AGGRESSIVE;
				CLANG_CXX_LANGUAGE_STANDARD = "gnu++14";
				CLANG_CXX_LIBRARY = "libc++";
				CLANG_ENABLE_MODULES = YES;
				CLANG_ENABLE_OBJC_ARC = YES;
				CLANG_ENABLE_OBJC_WEAK = YES;
				CLANG_WARN_BLOCK_CAPTURE_AUTORELEASING = YES;
				CLANG_WARN_BOOL_CONVERSION = YES;
				CLANG_WARN_COMMA = YES;
				CLANG_WARN_CONSTANT_CONVERSION = YES;
				CLANG_WARN_DEPRECATED_OBJC_IMPLEMENTATIONS = YES;
				CLANG_WARN_DIRECT_OBJC_ISA_USAGE = YES_ERROR;
				CLANG_WARN_DOCUMENTATION_COMMENTS = YES;
				CLANG_WARN_EMPTY_BODY = YES;
				CLANG_WARN_ENUM_CONVERSION = YES;
				CLANG_WARN_INFINITE_RECURSION = YES;
				CLANG_WARN_INT_CONVERSION = YES;
				CLANG_WARN_NON_LITERAL_NULL_CONVERSION = YES;
				CLANG_WARN_OBJC_IMPLICIT_RETAIN_SELF = YES;
				CLANG_WARN_OBJC_LITERAL_CONVERSION = YES;
				CLANG_WARN_OBJC_ROOT_CLASS = YES_ERROR;
				CLANG_WARN_RANGE_LOOP_ANALYSIS = YES;
				CLANG_WARN_STRICT_PROTOTYPES = YES;
				CLANG_WARN_SUSPICIOUS_MOVE = YES;
				CLANG_WARN_UNGUARDED_AVAILABILITY = YES_AGGRESSIVE;
				CLANG_WARN_UNREACHABLE_CODE = YES;
				CLANG_WARN__DUPLICATE_METHOD_MATCH = YES;
				COPY_PHASE_STRIP = NO;
				DEBUG_INFORMATION_FORMAT = dwarf;
				ENABLE_STRICT_OBJC_MSGSEND = YES;
				ENABLE_TESTABILITY = YES;
				GCC_C_LANGUAGE_STANDARD = gnu11;
				GCC_DYNAMIC_NO_PIC = NO;
				GCC_NO_COMMON_BLOCKS = YES;
				GCC_OPTIMIZATION_LEVEL = 0;
				GCC_PREPROCESSOR_DEFINITIONS = (
					"DEBUG=1",
					"$(inherited)",
				);
				GCC_WARN_64_TO_32_BIT_CONVERSION = YES;
				GCC_WARN_ABOUT_RETURN_TYPE = YES_ERROR;
				GCC_WARN_UNDECLARED_SELECTOR = YES;
				GCC_WARN_UNINITIALIZED_AUTOS = YES_AGGRESSIVE;
				GCC_WARN_UNUSED_FUNCTION = YES;
				GCC_WARN_UNUSED_VARIABLE = YES;
				MACOSX_DEPLOYMENT_TARGET = 10.15;
				MTL_ENABLE_DEBUG_INFO = INCLUDE_SOURCE;
				MTL_FAST_MATH = YES;
				ONLY_ACTIVE_ARCH = YES;
				SDKROOT = macosx;
				SWIFT_ACTIVE_COMPILATION_CONDITIONS = DEBUG;
				SWIFT_OPTIMIZATION_LEVEL = "-Onone";
			};
			name = Debug;
		};
		49630BAF24B20A3500FAC8B4 /* Release */ = {
			isa = XCBuildConfiguration;
			buildSettings = {
				ALWAYS_SEARCH_USER_PATHS = NO;
				CLANG_ANALYZER_LOCALIZABILITY_NONLOCALIZED = YES;
				CLANG_ANALYZER_NONNULL = YES;
				CLANG_ANALYZER_NUMBER_OBJECT_CONVERSION = YES_AGGRESSIVE;
				CLANG_CXX_LANGUAGE_STANDARD = "gnu++14";
				CLANG_CXX_LIBRARY = "libc++";
				CLANG_ENABLE_MODULES = YES;
				CLANG_ENABLE_OBJC_ARC = YES;
				CLANG_ENABLE_OBJC_WEAK = YES;
				CLANG_WARN_BLOCK_CAPTURE_AUTORELEASING = YES;
				CLANG_WARN_BOOL_CONVERSION = YES;
				CLANG_WARN_COMMA = YES;
				CLANG_WARN_CONSTANT_CONVERSION = YES;
				CLANG_WARN_DEPRECATED_OBJC_IMPLEMENTATIONS = YES;
				CLANG_WARN_DIRECT_OBJC_ISA_USAGE = YES_ERROR;
				CLANG_WARN_DOCUMENTATION_COMMENTS = YES;
				CLANG_WARN_EMPTY_BODY = YES;
				CLANG_WARN_ENUM_CONVERSION = YES;
				CLANG_WARN_INFINITE_RECURSION = YES;
				CLANG_WARN_INT_CONVERSION = YES;
				CLANG_WARN_NON_LITERAL_NULL_CONVERSION = YES;
				CLANG_WARN_OBJC_IMPLICIT_RETAIN_SELF = YES;
				CLANG_WARN_OBJC_LITERAL_CONVERSION = YES;
				CLANG_WARN_OBJC_ROOT_CLASS = YES_ERROR;
				CLANG_WARN_RANGE_LOOP_ANALYSIS = YES;
				CLANG_WARN_STRICT_PROTOTYPES = YES;
				CLANG_WARN_SUSPICIOUS_MOVE = YES;
				CLANG_WARN_UNGUARDED_AVAILABILITY = YES_AGGRESSIVE;
				CLANG_WARN_UNREACHABLE_CODE = YES;
				CLANG_WARN__DUPLICATE_METHOD_MATCH = YES;
				COPY_PHASE_STRIP = NO;
				DEBUG_INFORMATION_FORMAT = "dwarf-with-dsym";
				ENABLE_NS_ASSERTIONS = NO;
				ENABLE_STRICT_OBJC_MSGSEND = YES;
				GCC_C_LANGUAGE_STANDARD = gnu11;
				GCC_NO_COMMON_BLOCKS = YES;
				GCC_WARN_64_TO_32_BIT_CONVERSION = YES;
				GCC_WARN_ABOUT_RETURN_TYPE = YES_ERROR;
				GCC_WARN_UNDECLARED_SELECTOR = YES;
				GCC_WARN_UNINITIALIZED_AUTOS = YES_AGGRESSIVE;
				GCC_WARN_UNUSED_FUNCTION = YES;
				GCC_WARN_UNUSED_VARIABLE = YES;
				MACOSX_DEPLOYMENT_TARGET = 10.15;
				MTL_ENABLE_DEBUG_INFO = NO;
				MTL_FAST_MATH = YES;
				SDKROOT = macosx;
				SWIFT_COMPILATION_MODE = wholemodule;
				SWIFT_OPTIMIZATION_LEVEL = "-O";
			};
			name = Release;
		};
		49630BB124B20A3500FAC8B4 /* Debug */ = {
			isa = XCBuildConfiguration;
			buildSettings = {
				ASSETCATALOG_COMPILER_APPICON_NAME = AppIcon;
				CODE_SIGN_ENTITLEMENTS = "Doke Tool Box/Doke_Tool_Box.entitlements";
				CODE_SIGN_STYLE = Automatic;
				COMBINE_HIDPI_IMAGES = YES;
				DEVELOPMENT_ASSET_PATHS = "\"Doke Tool Box/Preview Content\"";
				DEVELOPMENT_TEAM = RRYYR646B6;
				ENABLE_HARDENED_RUNTIME = YES;
				ENABLE_PREVIEWS = YES;
				INFOPLIST_FILE = "Doke Tool Box/Info.plist";
				LD_RUNPATH_SEARCH_PATHS = (
					"$(inherited)",
					"@executable_path/../Frameworks",
				);
				MACOSX_DEPLOYMENT_TARGET = 10.15;
				PRODUCT_BUNDLE_IDENTIFIER = "Doke.Doke-Toolbox";
				PRODUCT_NAME = "$(TARGET_NAME)";
				SWIFT_VERSION = 5.0;
			};
			name = Debug;
		};
		49630BB224B20A3500FAC8B4 /* Release */ = {
			isa = XCBuildConfiguration;
			buildSettings = {
				ASSETCATALOG_COMPILER_APPICON_NAME = AppIcon;
				CODE_SIGN_ENTITLEMENTS = "Doke Tool Box/Doke_Tool_Box.entitlements";
				CODE_SIGN_STYLE = Automatic;
				COMBINE_HIDPI_IMAGES = YES;
				DEVELOPMENT_ASSET_PATHS = "\"Doke Tool Box/Preview Content\"";
				DEVELOPMENT_TEAM = RRYYR646B6;
				ENABLE_HARDENED_RUNTIME = YES;
				ENABLE_PREVIEWS = YES;
				INFOPLIST_FILE = "Doke Tool Box/Info.plist";
				LD_RUNPATH_SEARCH_PATHS = (
					"$(inherited)",
					"@executable_path/../Frameworks",
				);
				MACOSX_DEPLOYMENT_TARGET = 10.15;
				PRODUCT_BUNDLE_IDENTIFIER = "Doke.Doke-Toolbox";
				PRODUCT_NAME = "$(TARGET_NAME)";
				SWIFT_VERSION = 5.0;
			};
			name = Release;
		};
/* End XCBuildConfiguration section */

/* Begin XCConfigurationList section */
		49630B9824B20A3300FAC8B4 /* Build configuration list for PBXProject "Doke Tool Box" */ = {
			isa = XCConfigurationList;
			buildConfigurations = (
				49630BAE24B20A3500FAC8B4 /* Debug */,
				49630BAF24B20A3500FAC8B4 /* Release */,
			);
			defaultConfigurationIsVisible = 0;
			defaultConfigurationName = Release;
		};
		49630BB024B20A3500FAC8B4 /* Build configuration list for PBXNativeTarget "Doke Tool Box" */ = {
			isa = XCConfigurationList;
			buildConfigurations = (
				49630BB124B20A3500FAC8B4 /* Debug */,
				49630BB224B20A3500FAC8B4 /* Release */,
			);
			defaultConfigurationIsVisible = 0;
			defaultConfigurationName = Release;
		};
/* End XCConfigurationList section */
	};
	rootObject = 49630B9524B20A3300FAC8B4 /* Project object */;
}
